
Microsoft Visual Studio Solution File, Format Version 12.00
# Visual Studio Version 17
VisualStudioVersion = 17.2.32616.157
MinimumVisualStudioVersion = 10.0.40219.1
Project("{FAE04EC0-301F-11D3-BF4B-00C04F79EFBC}") = "UniversityApi", "UniversityApi\UniversityApi.csproj", "{2458B697-15CE-4A5F-9622-9CEC000B88C4}"
EndProject
Global
	GlobalSection(SolutionConfigurationPlatforms) = preSolution
		Debug|Any CPU = Debug|Any CPU
		Release|Any CPU = Release|Any CPU
	EndGlobalSection
	GlobalSection(ProjectConfigurationPlatforms) = postSolution
		{2458B697-15CE-4A5F-9622-9CEC000B88C4}.Debug|Any CPU.ActiveCfg = Debug|Any CPU
		{2458B697-15CE-4A5F-9622-9CEC000B88C4}.Debug|Any CPU.Build.0 = Debug|Any CPU
		{2458B697-15CE-4A5F-9622-9CEC000B88C4}.Release|Any CPU.ActiveCfg = Release|Any CPU
		{2458B697-15CE-4A5F-9622-9CEC000B88C4}.Release|Any CPU.Build.0 = Release|Any CPU
	EndGlobalSection
	GlobalSection(SolutionProperties) = preSolution
		HideSolutionNode = FALSE
	EndGlobalSection
	GlobalSection(ExtensibilityGlobals) = postSolution
		SolutionGuid = {3CB452A4-C31C-4F16-A069-65B91264E614}
	EndGlobalSection
EndGlobal
